version: 2.0
shards:
  baked_file_system:
    git: https://github.com/schovi/baked_file_system.git
    version: 0.13.0

  db:
    git: https://github.com/crystal-lang/crystal-db.git
    version: 0.13.1

  msgpack:
    git: https://github.com/crystal-community/msgpack-crystal.git
    version: 1.3.5

  sqlite3:
    git: https://github.com/crystal-lang/crystal-sqlite3.git
    version: 0.21.0

